
Microsoft Visual Studio Solution File, Format Version 12.00
# Visual Studio Version 16
VisualStudioVersion = 16.0.33423.256
MinimumVisualStudioVersion = 10.0.40219.1
Project("{FAE04EC0-301F-11D3-BF4B-00C04F79EFBC}") = "Simula's Soup", "Simula's Soup\Simula's Soup.csproj", "{8B4ADC38-0F87-4B6E-AA19-D78F49711E90}"
EndProject
Global
	GlobalSection(SolutionConfigurationPlatforms) = preSolution
		Debug|Any CPU = Debug|Any CPU
		Release|Any CPU = Release|Any CPU
	EndGlobalSection
	GlobalSection(ProjectConfigurationPlatforms) = postSolution
		{8B4ADC38-0F87-4B6E-AA19-D78F49711E90}.Debug|Any CPU.ActiveCfg = Debug|Any CPU
		{8B4ADC38-0F87-4B6E-AA19-D78F49711E90}.Debug|Any CPU.Build.0 = Debug|Any CPU
		{8B4ADC38-0F87-4B6E-AA19-D78F49711E90}.Release|Any CPU.ActiveCfg = Release|Any CPU
		{8B4ADC38-0F87-4B6E-AA19-D78F49711E90}.Release|Any CPU.Build.0 = Release|Any CPU
	EndGlobalSection
	GlobalSection(SolutionProperties) = preSolution
		HideSolutionNode = FALSE
	EndGlobalSection
	GlobalSection(ExtensibilityGlobals) = postSolution
		SolutionGuid = {70AD0139-E3BD-44CD-91B0-D9315089DA7C}
	EndGlobalSection
EndGlobal
